<?xml version="1.0" encoding="utf-8"?>
<Project ToolsVersion="4.0" xmlns="http://schemas.microsoft.com/developer/msbuild/2003">
  <ItemGroup>
    <ClCompile Include="source\Bullet.cpp">
      <Filter>Bullet</Filter>
    </ClCompile>
    <ClCompile Include="source\BulletManager.cpp">
      <Filter>Bullet</Filter>
    </ClCompile>
    <ClCompile Include="source\ApplicationGlobal.cpp">
      <Filter>Application</Filter>
    </ClCompile>
    <ClCompile Include="source\ApplicationMain.cpp">
      <Filter>Application</Filter>
    </ClCompile>
    <ClCompile Include="source\Character.cpp">
      <Filter>Object\Character</Filter>
    </ClCompile>
    <ClCompile Include="source\Map.cpp">
      <Filter>Map</Filter>
    </ClCompile>
    <ClCompile Include="source\ModeLoading.cpp">
      <Filter>Mode\Load</Filter>
    </ClCompile>
    <ClCompile Include="source\ModeGame.cpp">
      <Filter>Mode\Game</Filter>
    </ClCompile>
    <ClCompile Include="source\Light.cpp">
      <Filter>Light</Filter>
    </ClCompile>
    <ClCompile Include="source\Player.cpp">
      <Filter>Object\Character\Player</Filter>
    </ClCompile>
    <ClCompile Include="source\ObjectLogic.cpp">
      <Filter>ObjectBase</Filter>
    </ClCompile>
    <ClCompile Include="source\ObjectRenderSystem.cpp">
      <Filter>ObjectBase</Filter>
    </ClCompile>
    <ClCompile Include="source\ObjectFactory.cpp">
      <Filter>ObjectBase</Filter>
    </ClCompile>
    <ClCompile Include="source\DebugManager.cpp">
      <Filter>Debug</Filter>
    </ClCompile>
    <ClCompile Include="source\DebugFps.cpp">
      <Filter>Debug</Filter>
    </ClCompile>
    <ClCompile Include="source\DebugParameter.cpp">
      <Filter>Debug</Filter>
    </ClCompile>
    <ClCompile Include="source\CameraBase.cpp">
      <Filter>Object\Camera</Filter>
    </ClCompile>
    <ClCompile Include="source\FollowCamera.cpp">
      <Filter>Object\Camera</Filter>
    </ClCompile>
    <ClCompile Include="source\CameraManager.cpp">
      <Filter>Object\Camera</Filter>
    </ClCompile>
    <ClCompile Include="source\ObjectManager.cpp">
      <Filter>ObjectBase</Filter>
    </ClCompile>
    <ClCompile Include="source\Pad.cpp">
      <Filter>input</Filter>
    </ClCompile>
    <ClCompile Include="source\InputManager.cpp">
      <Filter>input</Filter>
    </ClCompile>
    <ClCompile Include="source\Enemy.cpp">
      <Filter>Object\Character\Enemy</Filter>
    </ClCompile>
    <ClCompile Include="source\ActionMove.cpp">
      <Filter>Action</Filter>
    </ClCompile>
    <ClCompile Include="source\ActionRotation.cpp">
      <Filter>Action</Filter>
    </ClCompile>
    <ClCompile Include="source\PlayerMoveComponent.cpp">
      <Filter>Object\Character\Player\Action</Filter>
    </ClCompile>
    <ClCompile Include="source\PlayerAnimationComponent.cpp">
      <Filter>Object\Character\Player\Function</Filter>
    </ClCompile>
    <ClCompile Include="source\EnemyAnimationComponent.cpp">
      <Filter>Object\Character\Enemy\Function</Filter>
    </ClCompile>
    <ClCompile Include="source\PlayerRotComponent.cpp">
      <Filter>Object\Character\Player\Action</Filter>
    </ClCompile>
  </ItemGroup>
  <ItemGroup>
    <ClInclude Include="source\Bullet.h">
      <Filter>Bullet</Filter>
    </ClInclude>
    <ClInclude Include="source\BulletManager.h">
      <Filter>Bullet</Filter>
    </ClInclude>
    <ClInclude Include="source\ApplicationGlobal.h">
      <Filter>Application</Filter>
    </ClInclude>
    <ClInclude Include="source\ApplicationMain.h">
      <Filter>Application</Filter>
    </ClInclude>
    <ClInclude Include="source\Character.h">
      <Filter>Object\Character</Filter>
    </ClInclude>
    <ClInclude Include="source\Map.h">
      <Filter>Map</Filter>
    </ClInclude>
    <ClInclude Include="source\ModeLoading.h">
      <Filter>Mode\Load</Filter>
    </ClInclude>
    <ClInclude Include="source\ModeGame.h">
      <Filter>Mode\Game</Filter>
    </ClInclude>
    <ClInclude Include="source\Light.h">
      <Filter>Light</Filter>
    </ClInclude>
    <ClInclude Include="source\Player.h">
      <Filter>Object\Character\Player</Filter>
    </ClInclude>
    <ClInclude Include="source\ObjectData.h">
      <Filter>ObjectBase</Filter>
    </ClInclude>
    <ClInclude Include="source\ObjectLogic.h">
      <Filter>ObjectBase</Filter>
    </ClInclude>
    <ClInclude Include="source\ObjectRenderSystem.h">
      <Filter>ObjectBase</Filter>
    </ClInclude>
    <ClInclude Include="source\ObjectFactory.h">
      <Filter>ObjectBase</Filter>
    </ClInclude>
    <ClInclude Include="source\DebugManager.h">
      <Filter>Debug</Filter>
    </ClInclude>
    <ClInclude Include="source\DebugFps.h">
      <Filter>Debug</Filter>
    </ClInclude>
    <ClInclude Include="source\DebugParameter.h">
      <Filter>Debug</Filter>
    </ClInclude>
    <ClInclude Include="source\CameraBase.h">
      <Filter>Object\Camera</Filter>
    </ClInclude>
    <ClInclude Include="source\FollowCamera.h">
      <Filter>Object\Camera</Filter>
    </ClInclude>
    <ClInclude Include="source\CameraManager.h">
      <Filter>Object\Camera</Filter>
    </ClInclude>
    <ClInclude Include="source\CameraData.h">
      <Filter>Object\Camera</Filter>
    </ClInclude>
    <ClInclude Include="source\ObjectManager.h">
      <Filter>ObjectBase</Filter>
    </ClInclude>
    <ClInclude Include="source\Pad.h">
      <Filter>input</Filter>
    </ClInclude>
    <ClInclude Include="source\InputManager.h">
      <Filter>input</Filter>
    </ClInclude>
    <ClInclude Include="source\ActionMove.h">
      <Filter>Action</Filter>
    </ClInclude>
    <ClInclude Include="source\ICharacterAction.h">
      <Filter>Action</Filter>
    </ClInclude>
    <ClInclude Include="source\IComponent.h">
      <Filter>Component</Filter>
    </ClInclude>
    <ClInclude Include="source\Enemy.h">
      <Filter>Object\Character\Enemy</Filter>
    </ClInclude>
    <ClInclude Include="source\DxLibAnimationComponent.h">
      <Filter>Component\Animation</Filter>
    </ClInclude>
    <ClInclude Include="source\HealthComponent.h">
      <Filter>Component\Health</Filter>
    </ClInclude>
    <ClInclude Include="source\MoveComponent.h">
      <Filter>Component\Move</Filter>
    </ClInclude>
    <ClInclude Include="source\ICameraComponent.h">
      <Filter>Component\Camera</Filter>
    </ClInclude>
    <ClInclude Include="source\ActionRotation.h">
      <Filter>Action</Filter>
    </ClInclude>
    <ClInclude Include="source\RotationComponent.h">
      <Filter>Component\Rotation</Filter>
    </ClInclude>
    <ClInclude Include="source\PlayerMoveComponent.h">
      <Filter>Object\Character\Player\Action</Filter>
    </ClInclude>
    <ClInclude Include="source\PlayerAnimationComponent.h">
      <Filter>Object\Character\Player\Function</Filter>
    </ClInclude>
    <ClInclude Include="source\EnemyAnimationComponent.h">
      <Filter>Object\Character\Enemy\Function</Filter>
    </ClInclude>
    <ClInclude Include="source\PlayerRotComponent.h">
      <Filter>Object\Character\Player\Action</Filter>
    </ClInclude>
  </ItemGroup>
  <ItemGroup>
    <Filter Include="Bullet">
      <UniqueIdentifier>{dbd2dd3d-1e6f-4956-b6b1-3c0631975688}</UniqueIdentifier>
    </Filter>
    <Filter Include="Mode">
      <UniqueIdentifier>{17c20df4-c5d4-41ff-b1f1-ab6abf71e86b}</UniqueIdentifier>
    </Filter>
    <Filter Include="Application">
      <UniqueIdentifier>{90cdff77-7faf-434a-87b2-6565a6b2ebb3}</UniqueIdentifier>
    </Filter>
    <Filter Include="Map">
      <UniqueIdentifier>{04c1e752-21b7-477f-9138-ea9f0c35915b}</UniqueIdentifier>
    </Filter>
    <Filter Include="Mode\Game">
      <UniqueIdentifier>{b4aa099d-fe04-48a6-a7b9-df082da5af9e}</UniqueIdentifier>
    </Filter>
    <Filter Include="Mode\Load">
      <UniqueIdentifier>{00b98995-9ee9-479a-ab89-ab85833787bb}</UniqueIdentifier>
    </Filter>
    <Filter Include="Light">
      <UniqueIdentifier>{c7768099-bd8a-46e3-ba10-78d7be80ca29}</UniqueIdentifier>
    </Filter>
    <Filter Include="Object">
      <UniqueIdentifier>{37d7d984-bd86-40db-940d-942d6b12d4d5}</UniqueIdentifier>
    </Filter>
    <Filter Include="Object\Camera">
      <UniqueIdentifier>{7e601687-8263-4220-aa8c-162c99d96dbd}</UniqueIdentifier>
    </Filter>
    <Filter Include="Object\Character">
      <UniqueIdentifier>{5820b922-17bc-4a6c-9b30-9d9c5536ff90}</UniqueIdentifier>
    </Filter>
    <Filter Include="Object\Character\Player">
      <UniqueIdentifier>{a049f421-f065-41af-b566-a7728cb32dd4}</UniqueIdentifier>
    </Filter>
    <Filter Include="ObjectBase">
      <UniqueIdentifier>{a678d3ba-d371-44f5-a5b7-9c1c624cc2bf}</UniqueIdentifier>
    </Filter>
    <Filter Include="input">
      <UniqueIdentifier>{7fe9eb86-b37a-4f2e-844a-d42b99744f19}</UniqueIdentifier>
    </Filter>
    <Filter Include="Component">
      <UniqueIdentifier>{acbfcb25-6735-4a27-912c-16eace56eb6d}</UniqueIdentifier>
    </Filter>
    <Filter Include="Object\Character\Enemy">
      <UniqueIdentifier>{31b74fa4-1afb-4fa1-831b-908ffff4e931}</UniqueIdentifier>
    </Filter>
    <Filter Include="Debug">
      <UniqueIdentifier>{78a0a7c6-33b5-4ede-a0ed-91b18160a93f}</UniqueIdentifier>
    </Filter>
    <Filter Include="Action">
      <UniqueIdentifier>{cc319f1c-d75b-435d-b041-20e2ae84c1d8}</UniqueIdentifier>
    </Filter>
    <Filter Include="Component\Animation">
      <UniqueIdentifier>{0d1dc636-a25d-4fc5-b0fa-75ff6eeb1393}</UniqueIdentifier>
    </Filter>
    <Filter Include="Component\Health">
      <UniqueIdentifier>{b30e754c-4ed3-45d6-b125-549924b51183}</UniqueIdentifier>
    </Filter>
    <Filter Include="Component\Move">
      <UniqueIdentifier>{5fb39a90-725d-4ba6-9ce0-87dda19eead5}</UniqueIdentifier>
    </Filter>
    <Filter Include="Component\Camera">
      <UniqueIdentifier>{ef074f01-0739-434f-a269-9af965a3dc89}</UniqueIdentifier>
    </Filter>
    <Filter Include="Component\Rotation">
      <UniqueIdentifier>{0998dc86-4c3b-42b7-9e18-f2e91502f713}</UniqueIdentifier>
    </Filter>
    <Filter Include="Object\Character\Player\Action">
      <UniqueIdentifier>{70666eff-4fb6-40c5-b0b9-11e1cb2b9969}</UniqueIdentifier>
    </Filter>
    <Filter Include="Object\Character\Enemy\Action">
      <UniqueIdentifier>{4e1d9d28-8080-42d8-8ea2-445bc056c881}</UniqueIdentifier>
    </Filter>
    <Filter Include="Object\Character\Enemy\Function">
      <UniqueIdentifier>{40d7ab18-1a41-48ba-b977-6dd9c43eff98}</UniqueIdentifier>
    </Filter>
    <Filter Include="Object\Character\Player\Function">
      <UniqueIdentifier>{4a0018f8-ad98-4439-9f34-22e539cf7715}</UniqueIdentifier>
    </Filter>
  </ItemGroup>
</Project>