<?xml version="1.0" encoding="utf-8"?>
<Project ToolsVersion="4.0" xmlns="http://schemas.microsoft.com/developer/msbuild/2003">
  <ItemGroup>
    <ClCompile Include="source\Bullet.cpp">
      <Filter>Bullet</Filter>
    </ClCompile>
    <ClCompile Include="source\BulletManager.cpp">
      <Filter>Bullet</Filter>
    </ClCompile>
    <ClCompile Include="source\ApplicationGlobal.cpp">
      <Filter>Application</Filter>
    </ClCompile>
    <ClCompile Include="source\ApplicationMain.cpp">
      <Filter>Application</Filter>
    </ClCompile>
    <ClCompile Include="source\Map.cpp">
      <Filter>Map</Filter>
    </ClCompile>
    <ClCompile Include="source\ModeLoading.cpp">
      <Filter>Mode\Load</Filter>
    </ClCompile>
    <ClCompile Include="source\ModeGame.cpp">
      <Filter>Mode\Game</Filter>
    </ClCompile>
    <ClCompile Include="source\Light.cpp">
      <Filter>Light</Filter>
    </ClCompile>
    <ClCompile Include="source\Player.cpp">
      <Filter>Character\Player</Filter>
    </ClCompile>
    <ClCompile Include="source\ObjectLogic.cpp">
      <Filter>ObjectBase</Filter>
    </ClCompile>
    <ClCompile Include="source\ObjectRenderSystem.cpp">
      <Filter>ObjectBase</Filter>
    </ClCompile>
    <ClCompile Include="source\ObjectFactory.cpp">
      <Filter>ObjectBase</Filter>
    </ClCompile>
    <ClCompile Include="source\DebugManager.cpp">
      <Filter>Debug</Filter>
    </ClCompile>
    <ClCompile Include="source\DebugFps.cpp">
      <Filter>Debug</Filter>
    </ClCompile>
    <ClCompile Include="source\DebugParameter.cpp">
      <Filter>Debug</Filter>
    </ClCompile>
    <ClCompile Include="source\CameraBase.cpp">
      <Filter>Camera</Filter>
    </ClCompile>
    <ClCompile Include="source\FollowCamera.cpp">
      <Filter>Camera</Filter>
    </ClCompile>
    <ClCompile Include="source\CameraManager.cpp">
      <Filter>Camera</Filter>
    </ClCompile>
    <ClCompile Include="source\ObjectManager.cpp">
      <Filter>ObjectBase</Filter>
    </ClCompile>
    <ClCompile Include="source\Pad.cpp">
      <Filter>input</Filter>
    </ClCompile>
    <ClCompile Include="source\InputManager.cpp">
      <Filter>input</Filter>
    </ClCompile>
    <ClCompile Include="source\Enemy.cpp">
      <Filter>Character\Enemy</Filter>
    </ClCompile>
    <ClCompile Include="source\ActionMove.cpp">
      <Filter>Action</Filter>
    </ClCompile>
    <ClCompile Include="source\ActionRotation.cpp">
      <Filter>Action</Filter>
    </ClCompile>
    <ClCompile Include="source\PlayerMoveComponent.cpp">
      <Filter>Character\Player\Action</Filter>
    </ClCompile>
    <ClCompile Include="source\PlayerRotComponent.cpp">
      <Filter>Character\Player\Action</Filter>
    </ClCompile>
    <ClCompile Include="source\ActionAttack.cpp">
      <Filter>Action</Filter>
    </ClCompile>
    <ClCompile Include="source\PlayerInputComponent.cpp">
      <Filter>Character\Player\Action</Filter>
    </ClCompile>
    <ClCompile Include="source\PlayerAttackComponent.cpp">
      <Filter>Character\Player\Action</Filter>
    </ClCompile>
    <ClCompile Include="source\PlayerAnimationComponent.cpp">
      <Filter>Character\Player\Animation</Filter>
    </ClCompile>
    <ClCompile Include="source\ActionDamage.cpp">
      <Filter>Action</Filter>
    </ClCompile>
    <ClCompile Include="source\CollisionManager.cpp">
      <Filter>Collision</Filter>
    </ClCompile>
    <ClCompile Include="source\EnemyDamageComponent.cpp">
      <Filter>Character\Enemy\Action</Filter>
    </ClCompile>
    <ClCompile Include="source\DebugCollision.cpp">
      <Filter>Debug</Filter>
    </ClCompile>
    <ClCompile Include="source\PlayerDebugParamComponent.cpp">
      <Filter>Character\Player\Debug</Filter>
    </ClCompile>
    <ClCompile Include="source\EnemyDebugParamCompnent.cpp">
      <Filter>Character\Enemy\Debug</Filter>
    </ClCompile>
    <ClCompile Include="source\PlayerDebugColComponent.cpp">
      <Filter>Character\Player\Debug</Filter>
    </ClCompile>
    <ClCompile Include="source\EnemyDebugColComponent.cpp">
      <Filter>Character\Enemy\Debug</Filter>
    </ClCompile>
    <ClCompile Include="source\CameraShake.cpp">
      <Filter>Camera</Filter>
    </ClCompile>
    <ClCompile Include="source\PlayerMoveCommand.cpp">
      <Filter>Character\Player\Command</Filter>
    </ClCompile>
    <ClCompile Include="source\PlayerAttackCommand.cpp">
      <Filter>Character\Player\Command</Filter>
    </ClCompile>
    <ClCompile Include="source\Character.cpp">
      <Filter>Character</Filter>
    </ClCompile>
    <ClCompile Include="source\EnemyBehaviorTree.cpp">
      <Filter>Character\Enemy\BehaviorTree</Filter>
    </ClCompile>
    <ClCompile Include="source\EnemyIdleState.cpp">
      <Filter>Character\Enemy\State</Filter>
    </ClCompile>
    <ClCompile Include="source\EnemyMoveComponent.cpp">
      <Filter>Character\Enemy\Action</Filter>
    </ClCompile>
    <ClCompile Include="source\EnemyRotComponent.cpp">
      <Filter>Character\Enemy\Action</Filter>
    </ClCompile>
    <ClCompile Include="source\EnemyMoveState.cpp">
      <Filter>Character\Enemy\State</Filter>
    </ClCompile>
    <ClCompile Include="source\PlayerIdleState.cpp">
      <Filter>Character\Player\State</Filter>
    </ClCompile>
    <ClCompile Include="source\PlayerMoveState.cpp">
      <Filter>Character\Player\State</Filter>
    </ClCompile>
    <ClCompile Include="source\EnemyAnimationComponent.cpp">
      <Filter>Character\Enemy\Animation</Filter>
    </ClCompile>
    <ClCompile Include="source\PlayerStateController.cpp">
      <Filter>Character\Player\State</Filter>
    </ClCompile>
    <ClCompile Include="source\PlayerAttackState.cpp">
      <Filter>Character\Player\State</Filter>
    </ClCompile>
    <ClCompile Include="source\EnemyDamageState.cpp">
      <Filter>Character\Enemy\State</Filter>
    </ClCompile>
    <ClCompile Include="source\CameraInput.cpp">
      <Filter>Camera</Filter>
    </ClCompile>
    <ClCompile Include="source\GameContext.cpp">
      <Filter>Mode</Filter>
    </ClCompile>
    <ClCompile Include="source\AttackLunge.cpp">
      <Filter>Action</Filter>
    </ClCompile>
    <ClCompile Include="source\ShadowMapRenderer.cpp">
      <Filter>Shadow</Filter>
    </ClCompile>
    <ClCompile Include="source\EnemyDetectionComponent.cpp">
      <Filter>Character\Enemy\Detection</Filter>
    </ClCompile>
    <ClCompile Include="source\EnemyAttackComponent.cpp">
      <Filter>Character\Enemy\Action</Filter>
    </ClCompile>
    <ClCompile Include="source\EnemyAttackState.cpp">
      <Filter>Character\Enemy\State</Filter>
    </ClCompile>
    <ClCompile Include="source\PlayerDamageComponent.cpp">
      <Filter>Character\Player\Action</Filter>
    </ClCompile>
  </ItemGroup>
  <ItemGroup>
    <ClInclude Include="source\Bullet.h">
      <Filter>Bullet</Filter>
    </ClInclude>
    <ClInclude Include="source\BulletManager.h">
      <Filter>Bullet</Filter>
    </ClInclude>
    <ClInclude Include="source\ApplicationGlobal.h">
      <Filter>Application</Filter>
    </ClInclude>
    <ClInclude Include="source\ApplicationMain.h">
      <Filter>Application</Filter>
    </ClInclude>
    <ClInclude Include="source\Map.h">
      <Filter>Map</Filter>
    </ClInclude>
    <ClInclude Include="source\ModeLoading.h">
      <Filter>Mode\Load</Filter>
    </ClInclude>
    <ClInclude Include="source\ModeGame.h">
      <Filter>Mode\Game</Filter>
    </ClInclude>
    <ClInclude Include="source\Light.h">
      <Filter>Light</Filter>
    </ClInclude>
    <ClInclude Include="source\Player.h">
      <Filter>Character\Player</Filter>
    </ClInclude>
    <ClInclude Include="source\ObjectData.h">
      <Filter>ObjectBase</Filter>
    </ClInclude>
    <ClInclude Include="source\ObjectLogic.h">
      <Filter>ObjectBase</Filter>
    </ClInclude>
    <ClInclude Include="source\ObjectRenderSystem.h">
      <Filter>ObjectBase</Filter>
    </ClInclude>
    <ClInclude Include="source\ObjectFactory.h">
      <Filter>ObjectBase</Filter>
    </ClInclude>
    <ClInclude Include="source\DebugManager.h">
      <Filter>Debug</Filter>
    </ClInclude>
    <ClInclude Include="source\DebugFps.h">
      <Filter>Debug</Filter>
    </ClInclude>
    <ClInclude Include="source\DebugParameter.h">
      <Filter>Debug</Filter>
    </ClInclude>
    <ClInclude Include="source\CameraBase.h">
      <Filter>Camera</Filter>
    </ClInclude>
    <ClInclude Include="source\FollowCamera.h">
      <Filter>Camera</Filter>
    </ClInclude>
    <ClInclude Include="source\CameraManager.h">
      <Filter>Camera</Filter>
    </ClInclude>
    <ClInclude Include="source\CameraData.h">
      <Filter>Camera</Filter>
    </ClInclude>
    <ClInclude Include="source\ObjectManager.h">
      <Filter>ObjectBase</Filter>
    </ClInclude>
    <ClInclude Include="source\Pad.h">
      <Filter>input</Filter>
    </ClInclude>
    <ClInclude Include="source\InputManager.h">
      <Filter>input</Filter>
    </ClInclude>
    <ClInclude Include="source\ActionMove.h">
      <Filter>Action</Filter>
    </ClInclude>
    <ClInclude Include="source\ICharacterAction.h">
      <Filter>Action</Filter>
    </ClInclude>
    <ClInclude Include="source\IComponent.h">
      <Filter>Component</Filter>
    </ClInclude>
    <ClInclude Include="source\Enemy.h">
      <Filter>Character\Enemy</Filter>
    </ClInclude>
    <ClInclude Include="source\DxLibAnimationComponent.h">
      <Filter>Component\Animation</Filter>
    </ClInclude>
    <ClInclude Include="source\HealthComponent.h">
      <Filter>Component\Health</Filter>
    </ClInclude>
    <ClInclude Include="source\MoveComponent.h">
      <Filter>Component\Move</Filter>
    </ClInclude>
    <ClInclude Include="source\ICameraComponent.h">
      <Filter>Component\Camera</Filter>
    </ClInclude>
    <ClInclude Include="source\ActionRotation.h">
      <Filter>Action</Filter>
    </ClInclude>
    <ClInclude Include="source\RotationComponent.h">
      <Filter>Component\Rotation</Filter>
    </ClInclude>
    <ClInclude Include="source\PlayerMoveComponent.h">
      <Filter>Character\Player\Action</Filter>
    </ClInclude>
    <ClInclude Include="source\PlayerRotComponent.h">
      <Filter>Character\Player\Action</Filter>
    </ClInclude>
    <ClInclude Include="source\AttackData.h">
      <Filter>Data\Attack</Filter>
    </ClInclude>
    <ClInclude Include="source\ActionAttack.h">
      <Filter>Action</Filter>
    </ClInclude>
    <ClInclude Include="source\PlayerInputComponent.h">
      <Filter>Character\Player\Action</Filter>
    </ClInclude>
    <ClInclude Include="source\PlayerAttackComponent.h">
      <Filter>Character\Player\Action</Filter>
    </ClInclude>
    <ClInclude Include="source\CollisionComponent.h">
      <Filter>Component\Collision</Filter>
    </ClInclude>
    <ClInclude Include="source\PlayerAnimationComponent.h">
      <Filter>Character\Player\Animation</Filter>
    </ClInclude>
    <ClInclude Include="source\ActionDamage.h">
      <Filter>Action</Filter>
    </ClInclude>
    <ClInclude Include="source\KnockbackData.h">
      <Filter>Data\Damage</Filter>
    </ClInclude>
    <ClInclude Include="source\DamageInfo.h">
      <Filter>Data\Damage</Filter>
    </ClInclude>
    <ClInclude Include="source\CollisionManager.h">
      <Filter>Collision</Filter>
    </ClInclude>
    <ClInclude Include="source\Subject.h">
      <Filter>Observer</Filter>
    </ClInclude>
    <ClInclude Include="source\HealthObserver.h">
      <Filter>Observer\Health</Filter>
    </ClInclude>
    <ClInclude Include="source\EnemyDamageComponent.h">
      <Filter>Character\Enemy\Action</Filter>
    </ClInclude>
    <ClInclude Include="source\DebugCollision.h">
      <Filter>Debug</Filter>
    </ClInclude>
    <ClInclude Include="source\PlayerDebugParamComponent.h">
      <Filter>Character\Player\Debug</Filter>
    </ClInclude>
    <ClInclude Include="source\EnemyDebugParamCompnent.h">
      <Filter>Character\Enemy\Debug</Filter>
    </ClInclude>
    <ClInclude Include="source\PlayerDebugColComponent.h">
      <Filter>Character\Player\Debug</Filter>
    </ClInclude>
    <ClInclude Include="source\CollisionShapeBuilder.h">
      <Filter>Collision</Filter>
    </ClInclude>
    <ClInclude Include="source\EffectData.h">
      <Filter>Data\Effect</Filter>
    </ClInclude>
    <ClInclude Include="source\CameraShakeData.h">
      <Filter>Data\CameraShake</Filter>
    </ClInclude>
    <ClInclude Include="source\SoundData.h">
      <Filter>Data\Sound</Filter>
    </ClInclude>
    <ClInclude Include="source\AttackTiming.h">
      <Filter>Data\Attack</Filter>
    </ClInclude>
    <ClInclude Include="source\AttackEventComponent,h.h">
      <Filter>Component\Attack</Filter>
    </ClInclude>
    <ClInclude Include="source\MapData.h">
      <Filter>Map</Filter>
    </ClInclude>
    <ClInclude Include="source\CollisionData.h">
      <Filter>Data\Collision</Filter>
    </ClInclude>
    <ClInclude Include="source\EnemyDebugColComponent.h">
      <Filter>Character\Enemy\Debug</Filter>
    </ClInclude>
    <ClInclude Include="source\DamageComponent.h">
      <Filter>Component\Damage</Filter>
    </ClInclude>
    <ClInclude Include="source\CameraShake.h">
      <Filter>Camera</Filter>
    </ClInclude>
    <ClInclude Include="source\DeathComponent.h">
      <Filter>Component\Death</Filter>
    </ClInclude>
    <ClInclude Include="source\ICommand.h">
      <Filter>Command</Filter>
    </ClInclude>
    <ClInclude Include="source\IState.h">
      <Filter>State</Filter>
    </ClInclude>
    <ClInclude Include="source\StateMachine.h">
      <Filter>State</Filter>
    </ClInclude>
    <ClInclude Include="source\PlayerMoveCommand.h">
      <Filter>Character\Player\Command</Filter>
    </ClInclude>
    <ClInclude Include="source\PlayerAttackCommand.h">
      <Filter>Character\Player\Command</Filter>
    </ClInclude>
    <ClInclude Include="source\IStrategy.h">
      <Filter>Strategy</Filter>
    </ClInclude>
    <ClInclude Include="source\MoveStrategy.h">
      <Filter>Strategy</Filter>
    </ClInclude>
    <ClInclude Include="source\LightData.h">
      <Filter>Light</Filter>
    </ClInclude>
    <ClInclude Include="source\Character.h">
      <Filter>Character</Filter>
    </ClInclude>
    <ClInclude Include="source\CharacterData.h">
      <Filter>Character</Filter>
    </ClInclude>
    <ClInclude Include="source\EnemyBehaviorTree.h">
      <Filter>Character\Enemy\BehaviorTree</Filter>
    </ClInclude>
    <ClInclude Include="source\EnemyIdleState.h">
      <Filter>Character\Enemy\State</Filter>
    </ClInclude>
    <ClInclude Include="source\EnemyMoveComponent.h">
      <Filter>Character\Enemy\Action</Filter>
    </ClInclude>
    <ClInclude Include="source\EnemyRotComponent.h">
      <Filter>Character\Enemy\Action</Filter>
    </ClInclude>
    <ClInclude Include="source\EnemyMoveState.h">
      <Filter>Character\Enemy\State</Filter>
    </ClInclude>
    <ClInclude Include="source\PlayerIdleState.h">
      <Filter>Character\Player\State</Filter>
    </ClInclude>
    <ClInclude Include="source\PlayerMoveState.h">
      <Filter>Character\Player\State</Filter>
    </ClInclude>
    <ClInclude Include="source\EnemyAnimationComponent.h">
      <Filter>Character\Enemy\Animation</Filter>
    </ClInclude>
    <ClInclude Include="source\PlayerStateController.h">
      <Filter>Character\Player\State</Filter>
    </ClInclude>
    <ClInclude Include="source\PlayerAttackState.h">
      <Filter>Character\Player\State</Filter>
    </ClInclude>
    <ClInclude Include="source\EnemyDamageState.h">
      <Filter>Character\Enemy\State</Filter>
    </ClInclude>
    <ClInclude Include="source\AttackComponent.h">
      <Filter>Component\Attack</Filter>
    </ClInclude>
    <ClInclude Include="source\AttackDamageData.h">
      <Filter>Data\Attack</Filter>
    </ClInclude>
    <ClInclude Include="source\DamageConverter.h">
      <Filter>Collision</Filter>
    </ClInclude>
    <ClInclude Include="source\CameraInput.h">
      <Filter>Camera</Filter>
    </ClInclude>
    <ClInclude Include="source\AttackMoveData.h">
      <Filter>Data\Attack</Filter>
    </ClInclude>
    <ClInclude Include="source\GameContext.h">
      <Filter>Mode</Filter>
    </ClInclude>
    <ClInclude Include="source\AttackLunge.h">
      <Filter>Action</Filter>
    </ClInclude>
    <ClInclude Include="source\AttackPhaseData.h">
      <Filter>Data\Attack</Filter>
    </ClInclude>
    <ClInclude Include="source\ShadowMapRenderer.h">
      <Filter>Shadow</Filter>
    </ClInclude>
    <ClInclude Include="source\GravityComponent.h">
      <Filter>Component\Gravity</Filter>
    </ClInclude>
    <ClInclude Include="source\JudgementMath.h">
      <Filter>Math</Filter>
    </ClInclude>
    <ClInclude Include="source\EnemyDetectionComponent.h">
      <Filter>Character\Enemy\Detection</Filter>
    </ClInclude>
    <ClInclude Include="source\EnemyAttackComponent.h">
      <Filter>Character\Enemy\Action</Filter>
    </ClInclude>
    <ClInclude Include="source\EnemyAttackState.h">
      <Filter>Character\Enemy\State</Filter>
    </ClInclude>
    <ClInclude Include="source\PlayerDamageComponent.h">
      <Filter>Character\Player\Action</Filter>
    </ClInclude>
  </ItemGroup>
  <ItemGroup>
    <Filter Include="Bullet">
      <UniqueIdentifier>{dbd2dd3d-1e6f-4956-b6b1-3c0631975688}</UniqueIdentifier>
    </Filter>
    <Filter Include="Mode">
      <UniqueIdentifier>{17c20df4-c5d4-41ff-b1f1-ab6abf71e86b}</UniqueIdentifier>
    </Filter>
    <Filter Include="Application">
      <UniqueIdentifier>{90cdff77-7faf-434a-87b2-6565a6b2ebb3}</UniqueIdentifier>
    </Filter>
    <Filter Include="Map">
      <UniqueIdentifier>{04c1e752-21b7-477f-9138-ea9f0c35915b}</UniqueIdentifier>
    </Filter>
    <Filter Include="Mode\Game">
      <UniqueIdentifier>{b4aa099d-fe04-48a6-a7b9-df082da5af9e}</UniqueIdentifier>
    </Filter>
    <Filter Include="Mode\Load">
      <UniqueIdentifier>{00b98995-9ee9-479a-ab89-ab85833787bb}</UniqueIdentifier>
    </Filter>
    <Filter Include="Light">
      <UniqueIdentifier>{c7768099-bd8a-46e3-ba10-78d7be80ca29}</UniqueIdentifier>
    </Filter>
    <Filter Include="ObjectBase">
      <UniqueIdentifier>{a678d3ba-d371-44f5-a5b7-9c1c624cc2bf}</UniqueIdentifier>
    </Filter>
    <Filter Include="input">
      <UniqueIdentifier>{7fe9eb86-b37a-4f2e-844a-d42b99744f19}</UniqueIdentifier>
    </Filter>
    <Filter Include="Component">
      <UniqueIdentifier>{acbfcb25-6735-4a27-912c-16eace56eb6d}</UniqueIdentifier>
    </Filter>
    <Filter Include="Debug">
      <UniqueIdentifier>{78a0a7c6-33b5-4ede-a0ed-91b18160a93f}</UniqueIdentifier>
    </Filter>
    <Filter Include="Action">
      <UniqueIdentifier>{cc319f1c-d75b-435d-b041-20e2ae84c1d8}</UniqueIdentifier>
    </Filter>
    <Filter Include="Component\Animation">
      <UniqueIdentifier>{0d1dc636-a25d-4fc5-b0fa-75ff6eeb1393}</UniqueIdentifier>
    </Filter>
    <Filter Include="Component\Health">
      <UniqueIdentifier>{b30e754c-4ed3-45d6-b125-549924b51183}</UniqueIdentifier>
    </Filter>
    <Filter Include="Component\Move">
      <UniqueIdentifier>{5fb39a90-725d-4ba6-9ce0-87dda19eead5}</UniqueIdentifier>
    </Filter>
    <Filter Include="Component\Camera">
      <UniqueIdentifier>{ef074f01-0739-434f-a269-9af965a3dc89}</UniqueIdentifier>
    </Filter>
    <Filter Include="Component\Rotation">
      <UniqueIdentifier>{0998dc86-4c3b-42b7-9e18-f2e91502f713}</UniqueIdentifier>
    </Filter>
    <Filter Include="Component\Collision">
      <UniqueIdentifier>{e1a1d5b5-bc8f-4978-ad21-81e242c93ae5}</UniqueIdentifier>
    </Filter>
    <Filter Include="Collision">
      <UniqueIdentifier>{7ee94531-4c82-41d9-8339-338d11e00362}</UniqueIdentifier>
    </Filter>
    <Filter Include="Observer">
      <UniqueIdentifier>{780a0f99-e3b5-4f2f-9faa-b7a642ad8b9c}</UniqueIdentifier>
    </Filter>
    <Filter Include="Observer\Health">
      <UniqueIdentifier>{be0812f4-6f06-4527-a77d-95f140e44c75}</UniqueIdentifier>
    </Filter>
    <Filter Include="Data">
      <UniqueIdentifier>{011f4f67-3490-4b8f-aa25-0c56440c63ab}</UniqueIdentifier>
    </Filter>
    <Filter Include="Data\Attack">
      <UniqueIdentifier>{400a4fc1-83be-4895-a8d5-a742c1693469}</UniqueIdentifier>
    </Filter>
    <Filter Include="Data\Effect">
      <UniqueIdentifier>{580b12d1-8e42-477c-80fc-09c0efed4528}</UniqueIdentifier>
    </Filter>
    <Filter Include="Data\CameraShake">
      <UniqueIdentifier>{238ed80d-00e5-4d02-bd8c-7183de871087}</UniqueIdentifier>
    </Filter>
    <Filter Include="Data\Sound">
      <UniqueIdentifier>{239b3d1f-1343-4d88-9cca-dfe42546588e}</UniqueIdentifier>
    </Filter>
    <Filter Include="Component\Attack">
      <UniqueIdentifier>{2812ca99-6791-4bbe-bac3-df0022360616}</UniqueIdentifier>
    </Filter>
    <Filter Include="Data\Collision">
      <UniqueIdentifier>{59b17484-c1d8-42df-bb40-7a5dc9e34966}</UniqueIdentifier>
    </Filter>
    <Filter Include="Component\Damage">
      <UniqueIdentifier>{9b806758-73c7-4598-8859-2be36891516f}</UniqueIdentifier>
    </Filter>
    <Filter Include="Data\Damage">
      <UniqueIdentifier>{48ce769d-10ae-4b4f-ab6c-32bdefd1b3af}</UniqueIdentifier>
    </Filter>
    <Filter Include="Component\Death">
      <UniqueIdentifier>{3255d1b0-6da4-41bd-bade-885ba8e4f019}</UniqueIdentifier>
    </Filter>
    <Filter Include="Command">
      <UniqueIdentifier>{24bd582b-932d-453c-af56-2bac7a7a4b8f}</UniqueIdentifier>
    </Filter>
    <Filter Include="State">
      <UniqueIdentifier>{2f52403b-5a43-4a18-8261-53b8d8150c6e}</UniqueIdentifier>
    </Filter>
    <Filter Include="Strategy">
      <UniqueIdentifier>{2e117243-9db1-4943-9641-9a47a07e3497}</UniqueIdentifier>
    </Filter>
    <Filter Include="Character">
      <UniqueIdentifier>{f2abe9e7-5711-4873-a9cd-de62139037bc}</UniqueIdentifier>
    </Filter>
    <Filter Include="Character\Enemy">
      <UniqueIdentifier>{31b74fa4-1afb-4fa1-831b-908ffff4e931}</UniqueIdentifier>
    </Filter>
    <Filter Include="Character\Enemy\Action">
      <UniqueIdentifier>{4e1d9d28-8080-42d8-8ea2-445bc056c881}</UniqueIdentifier>
    </Filter>
    <Filter Include="Character\Enemy\Debug">
      <UniqueIdentifier>{3cbdf3a3-cf91-4aa2-9b77-72a3c1c2263b}</UniqueIdentifier>
    </Filter>
    <Filter Include="Character\Player">
      <UniqueIdentifier>{a049f421-f065-41af-b566-a7728cb32dd4}</UniqueIdentifier>
    </Filter>
    <Filter Include="Character\Player\Action">
      <UniqueIdentifier>{70666eff-4fb6-40c5-b0b9-11e1cb2b9969}</UniqueIdentifier>
    </Filter>
    <Filter Include="Character\Player\Debug">
      <UniqueIdentifier>{1b390ee8-0a9c-421b-9ce5-8e03f6f8be37}</UniqueIdentifier>
    </Filter>
    <Filter Include="Character\Player\Command">
      <UniqueIdentifier>{e7e05179-5a8c-4291-a063-106de2ff5166}</UniqueIdentifier>
    </Filter>
    <Filter Include="Camera">
      <UniqueIdentifier>{7e601687-8263-4220-aa8c-162c99d96dbd}</UniqueIdentifier>
    </Filter>
    <Filter Include="Character\Player\State">
      <UniqueIdentifier>{6ff6d785-de70-4e4e-86aa-8102dd55668a}</UniqueIdentifier>
    </Filter>
    <Filter Include="Character\Enemy\State">
      <UniqueIdentifier>{81852d88-62ae-486c-b90b-f0180996ddac}</UniqueIdentifier>
    </Filter>
    <Filter Include="Character\Enemy\BehaviorTree">
      <UniqueIdentifier>{c4ad843b-9bb1-4db1-9541-d60d4fec0643}</UniqueIdentifier>
    </Filter>
    <Filter Include="Shadow">
      <UniqueIdentifier>{4b2db833-39fa-4c2d-94fd-0105a97c94ef}</UniqueIdentifier>
    </Filter>
    <Filter Include="Component\Gravity">
      <UniqueIdentifier>{8d97da8b-43ef-435d-81f0-a87ca4a1117d}</UniqueIdentifier>
    </Filter>
    <Filter Include="Math">
      <UniqueIdentifier>{cfefe543-f2b7-4cd9-a4e9-2e8fd7331f3a}</UniqueIdentifier>
    </Filter>
    <Filter Include="Character\Enemy\Animation">
      <UniqueIdentifier>{19147eef-b61b-421b-94f8-d4ad789cef1a}</UniqueIdentifier>
    </Filter>
    <Filter Include="Character\Enemy\Detection">
      <UniqueIdentifier>{40d7ab18-1a41-48ba-b977-6dd9c43eff98}</UniqueIdentifier>
    </Filter>
    <Filter Include="Character\Player\Animation">
      <UniqueIdentifier>{016a0288-719c-4866-9773-38d4c43b4fdc}</UniqueIdentifier>
    </Filter>
  </ItemGroup>
</Project>